{
  "name": "datamatrix",
  "version": "1.0.0",
  "lockfileVersion": 2,
  "requires": true,
  "packages": {
    "": {
      "name": "datamatrix",
      "version": "1.0.0",
      "license": "ISC",
      "dependencies": {
        "@zxing/library": "^0.19.1",
        "jpeg-js": "^0.4.4"
      }
    },
    "node_modules/@zxing/library": {
      "version": "0.19.1",
      "resolved": "https://registry.npmjs.org/@zxing/library/-/library-0.19.1.tgz",
      "integrity": "sha512-rKwvl3Uuqs8yf364iU9l3HDDaIx8yPv+CH6DbtQaQr67VdKLG22G1ukEp9fOdDefE6tpLtRAdMnTrgtpiaKAZw==",
      "dependencies": {
        "ts-custom-error": "^3.0.0"
      },
      "engines": {
        "node": ">= 10.4.0"
      },
      "optionalDependencies": {
        "@zxing/text-encoding": "~0.9.0"
      }
    },
    "node_modules/@zxing/text-encoding": {
      "version": "0.9.0",
      "resolved": "https://registry.npmjs.org/@zxing/text-encoding/-/text-encoding-0.9.0.tgz",
      "integrity": "sha512-U/4aVJ2mxI0aDNI8Uq0wEhMgY+u4CNtEb0om3+y3+niDAsoTCOB33UF0sxpzqzdqXLqmvc+vZyAt4O8pPdfkwA==",
      "optional": true
    },
    "node_modules/jpeg-js": {
      "version": "0.4.4",
      "resolved": "https://registry.npmjs.org/jpeg-js/-/jpeg-js-0.4.4.tgz",
      "integrity": "sha512-WZzeDOEtTOBK4Mdsar0IqEU5sMr3vSV2RqkAIzUEV2BHnUfKGyswWFPFwK5EeDo93K3FohSHbLAjj0s1Wzd+dg=="
    },
    "node_modules/ts-custom-error": {
      "version": "3.3.1",
      "resolved": "https://registry.npmjs.org/ts-custom-error/-/ts-custom-error-3.3.1.tgz",
      "integrity": "sha512-5OX1tzOjxWEgsr/YEUWSuPrQ00deKLh6D7OTWcvNHm12/7QPyRh8SYpyWvA4IZv8H/+GQWQEh/kwo95Q9OVW1A==",
      "engines": {
        "node": ">=14.0.0"
      }
    }
  },
  "dependencies": {
    "@zxing/library": {
      "version": "0.19.1",
      "resolved": "https://registry.npmjs.org/@zxing/library/-/library-0.19.1.tgz",
      "integrity": "sha512-rKwvl3Uuqs8yf364iU9l3HDDaIx8yPv+CH6DbtQaQr67VdKLG22G1ukEp9fOdDefE6tpLtRAdMnTrgtpiaKAZw==",
      "requires": {
        "@zxing/text-encoding": "~0.9.0",
        "ts-custom-error": "^3.0.0"
      }
    },
    "@zxing/text-encoding": {
      "version": "0.9.0",
      "resolved": "https://registry.npmjs.org/@zxing/text-encoding/-/text-encoding-0.9.0.tgz",
      "integrity": "sha512-U/4aVJ2mxI0aDNI8Uq0wEhMgY+u4CNtEb0om3+y3+niDAsoTCOB33UF0sxpzqzdqXLqmvc+vZyAt4O8pPdfkwA==",
      "optional": true
    },
    "jpeg-js": {
      "version": "0.4.4",
      "resolved": "https://registry.npmjs.org/jpeg-js/-/jpeg-js-0.4.4.tgz",
      "integrity": "sha512-WZzeDOEtTOBK4Mdsar0IqEU5sMr3vSV2RqkAIzUEV2BHnUfKGyswWFPFwK5EeDo93K3FohSHbLAjj0s1Wzd+dg=="
    },
    "ts-custom-error": {
      "version": "3.3.1",
      "resolved": "https://registry.npmjs.org/ts-custom-error/-/ts-custom-error-3.3.1.tgz",
      "integrity": "sha512-5OX1tzOjxWEgsr/YEUWSuPrQ00deKLh6D7OTWcvNHm12/7QPyRh8SYpyWvA4IZv8H/+GQWQEh/kwo95Q9OVW1A=="
    }
  }
}
